
Microsoft Visual Studio Solution File, Format Version 12.00
# Visual Studio Version 17
VisualStudioVersion = 17.10.34928.147
MinimumVisualStudioVersion = 10.0.40219.1
Project("{FAE04EC0-301F-11D3-BF4B-00C04F79EFBC}") = "Practica02", "Practica02\Practica02.csproj", "{8804CD1E-8B99-4239-B63E-2E4650ADFB49}"
EndProject
Project("{FAE04EC0-301F-11D3-BF4B-00C04F79EFBC}") = "CapaEntidad", "CapaEntidad\CapaEntidad.csproj", "{582A9A51-C7B4-43BB-933B-4BD773156284}"
EndProject
Project("{FAE04EC0-301F-11D3-BF4B-00C04F79EFBC}") = "WinFormsApp1", "WinFormsApp1\WinFormsApp1.csproj", "{D1D5F30E-567A-4176-996B-4758815C49CF}"
EndProject
Global
	GlobalSection(SolutionConfigurationPlatforms) = preSolution
		Debug|Any CPU = Debug|Any CPU
		Release|Any CPU = Release|Any CPU
	EndGlobalSection
	GlobalSection(ProjectConfigurationPlatforms) = postSolution
		{8804CD1E-8B99-4239-B63E-2E4650ADFB49}.Debug|Any CPU.ActiveCfg = Debug|Any CPU
		{8804CD1E-8B99-4239-B63E-2E4650ADFB49}.Debug|Any CPU.Build.0 = Debug|Any CPU
		{8804CD1E-8B99-4239-B63E-2E4650ADFB49}.Release|Any CPU.ActiveCfg = Release|Any CPU
		{8804CD1E-8B99-4239-B63E-2E4650ADFB49}.Release|Any CPU.Build.0 = Release|Any CPU
		{582A9A51-C7B4-43BB-933B-4BD773156284}.Debug|Any CPU.ActiveCfg = Debug|Any CPU
		{582A9A51-C7B4-43BB-933B-4BD773156284}.Debug|Any CPU.Build.0 = Debug|Any CPU
		{582A9A51-C7B4-43BB-933B-4BD773156284}.Release|Any CPU.ActiveCfg = Release|Any CPU
		{582A9A51-C7B4-43BB-933B-4BD773156284}.Release|Any CPU.Build.0 = Release|Any CPU
		{D1D5F30E-567A-4176-996B-4758815C49CF}.Debug|Any CPU.ActiveCfg = Debug|Any CPU
		{D1D5F30E-567A-4176-996B-4758815C49CF}.Debug|Any CPU.Build.0 = Debug|Any CPU
		{D1D5F30E-567A-4176-996B-4758815C49CF}.Release|Any CPU.ActiveCfg = Release|Any CPU
		{D1D5F30E-567A-4176-996B-4758815C49CF}.Release|Any CPU.Build.0 = Release|Any CPU
	EndGlobalSection
	GlobalSection(SolutionProperties) = preSolution
		HideSolutionNode = FALSE
	EndGlobalSection
	GlobalSection(ExtensibilityGlobals) = postSolution
		SolutionGuid = {5CD963C9-7BA4-4E0B-BC20-6B208785E0DF}
	EndGlobalSection
EndGlobal
