
Microsoft Visual Studio Solution File, Format Version 12.00
# Visual Studio Version 17
VisualStudioVersion = 17.10.34928.147
MinimumVisualStudioVersion = 10.0.40219.1
Project("{9A19103F-16F7-4668-BE54-9A1E7A4F7556}") = "Practica04", "Practica04\Practica04.csproj", "{BF5284FA-D63F-442C-B993-361E4102FF71}"
EndProject
Project("{9A19103F-16F7-4668-BE54-9A1E7A4F7556}") = "CapaEntidad", "CapaEntidad\CapaEntidad.csproj", "{B421D8FE-C4FD-43D6-AA74-B7E2F543DC6C}"
EndProject
Project("{9A19103F-16F7-4668-BE54-9A1E7A4F7556}") = "MiWeb", "MiWeb\MiWeb.csproj", "{2D13B73D-BDE8-4820-8C76-AF12E0BCE405}"
EndProject
Global
	GlobalSection(SolutionConfigurationPlatforms) = preSolution
		Debug|Any CPU = Debug|Any CPU
		Release|Any CPU = Release|Any CPU
	EndGlobalSection
	GlobalSection(ProjectConfigurationPlatforms) = postSolution
		{BF5284FA-D63F-442C-B993-361E4102FF71}.Debug|Any CPU.ActiveCfg = Debug|Any CPU
		{BF5284FA-D63F-442C-B993-361E4102FF71}.Debug|Any CPU.Build.0 = Debug|Any CPU
		{BF5284FA-D63F-442C-B993-361E4102FF71}.Release|Any CPU.ActiveCfg = Release|Any CPU
		{BF5284FA-D63F-442C-B993-361E4102FF71}.Release|Any CPU.Build.0 = Release|Any CPU
		{B421D8FE-C4FD-43D6-AA74-B7E2F543DC6C}.Debug|Any CPU.ActiveCfg = Debug|Any CPU
		{B421D8FE-C4FD-43D6-AA74-B7E2F543DC6C}.Debug|Any CPU.Build.0 = Debug|Any CPU
		{B421D8FE-C4FD-43D6-AA74-B7E2F543DC6C}.Release|Any CPU.ActiveCfg = Release|Any CPU
		{B421D8FE-C4FD-43D6-AA74-B7E2F543DC6C}.Release|Any CPU.Build.0 = Release|Any CPU
		{2D13B73D-BDE8-4820-8C76-AF12E0BCE405}.Debug|Any CPU.ActiveCfg = Debug|Any CPU
		{2D13B73D-BDE8-4820-8C76-AF12E0BCE405}.Debug|Any CPU.Build.0 = Debug|Any CPU
		{2D13B73D-BDE8-4820-8C76-AF12E0BCE405}.Release|Any CPU.ActiveCfg = Release|Any CPU
		{2D13B73D-BDE8-4820-8C76-AF12E0BCE405}.Release|Any CPU.Build.0 = Release|Any CPU
	EndGlobalSection
	GlobalSection(SolutionProperties) = preSolution
		HideSolutionNode = FALSE
	EndGlobalSection
	GlobalSection(ExtensibilityGlobals) = postSolution
		SolutionGuid = {2F22D52B-4DB4-4177-8ACA-2DC2938BD33A}
	EndGlobalSection
EndGlobal
